github.com/aws/aws-lambda-go v1.47.0 h1:0H8s0vumYx/YKs4sE7YM0ktwL2eWse+kfopsRI1sXVI=
github.com/aws/aws-lambda-go v1.47.0/go.mod h1:dpMpZgvWx5vuQJfBt0zqBha60q7Dd7RfgJv23DymV8A=
github.com/aws/aws-sdk-go-v2 v1.36.0 h1:b1wM5CcE65Ujwn565qcwgtOTT1aT4ADOHHgglKjG7fk=
github.com/aws/aws-sdk-go-v2 v1.36.0/go.mod h1:5PMILGVKiW32oDzjj6RU52yrNrDPUHcbZQYr1sM7qmM=
github.com/aws/aws-sdk-go-v2/config v1.27.31 h1:kxBoRsjhT3pq0cKthgj6RU6bXTm/2SgdoUMyrVw0rAI=
github.com/aws/aws-sdk-go-v2/config v1.27.31/go.mod h1:z04nZdSWFPaDwK3DdJOG2r+scLQzMYuJeW0CujEm9FM=
github.com/aws/aws-sdk-go-v2/credentials v1.17.30 h1:aau/oYFtibVovr2rDt8FHlU17BTicFEMAi29V1U+L5Q=
github.com/aws/aws-sdk-go-v2/credentials v1.17.30/go.mod h1:BPJ/yXV92ZVq6G8uYvbU0gSl8q94UB63nMT5ctNO38g=
github.com/aws/aws-sdk-go-v2/feature/dynamodb/attributevalue v1.18.0 h1:xsVrwOeuuX/B/a5RkeRimnYmHzwcgork2QPb2oXqUNI=
github.com/aws/aws-sdk-go-v2/feature/dynamodb/attributevalue v1.18.0/go.mod h1:9JoNgVB4/3g00avlBeo7j6ibayTrZm9DWVgAqYQZkaE=
github.com/aws/aws-sdk-go-v2/feature/ec2/imds v1.16.12 h1:yjwoSyDZF8Jth+mUk5lSPJCkMC0lMy6FaCD51jm6ayE=
github.com/aws/aws-sdk-go-v2/feature/ec2/imds v1.16.12/go.mod h1:fuR57fAgMk7ot3WcNQfb6rSEn+SUffl7ri+aa8uKysI=
github.com/aws/aws-sdk-go-v2/internal/configsources v1.3.31 h1:lWm9ucLSRFiI4dQQafLrEOmEDGry3Swrz0BIRdiHJqQ=
github.com/aws/aws-sdk-go-v2/internal/configsources v1.3.31/go.mod h1:Huu6GG0YTfbPphQkDSo4dEGmQRTKb9k9G7RdtyQWxuI=
github.com/aws/aws-sdk-go-v2/internal/endpoints/v2 v2.6.31 h1:ACxDklUKKXb48+eg5ROZXi1vDgfMyfIA/WyvqHcHI0o=
github.com/aws/aws-sdk-go-v2/internal/endpoints/v2 v2.6.31/go.mod h1:yadnfsDwqXeVaohbGc/RaD287PuyRw2wugkh5ZL2J6k=
github.com/aws/aws-sdk-go-v2/internal/ini v1.8.1 h1:VaRN3TlFdd6KxX1x3ILT5ynH6HvKgqdiXoTxAF4HQcQ=
github.com/aws/aws-sdk-go-v2/internal/ini v1.8.1/go.mod h1:FbtygfRFze9usAadmnGJNc8KsP346kEe+y2/oyhGAGc=
github.com/aws/aws-sdk-go-v2/service/dynamodb v1.39.8 h1:D4Dhqf6FEw//4mEFsxtBYMNSmdSg0LAy+A+DVvH0dts=
github.com/aws/aws-sdk-go-v2/service/dynamodb v1.39.8/go.mod h1:+pfCvXbSNLZ7lG+tydnY5IN4WUoz+WsGDrl2rg2DEew=
github.com/aws/aws-sdk-go-v2/service/dynamodbstreams v1.24.18 h1:KY5TfJ26s5Tg4lnSqr6gdKRo+Ep53FiM6l3P8r60E80=
github.com/aws/aws-sdk-go-v2/service/dynamodbstreams v1.24.18/go.mod h1:K7wcnwLh1oGGwASzdY6mryhtkPgst/CxmEw78LmlyOU=
github.com/aws/aws-sdk-go-v2/service/internal/accept-encoding v1.12.2 h1:D4oz8/CzT9bAEYtVhSBmFj2dNOtaHOtMKc2vHBwYizA=
github.com/aws/aws-sdk-go-v2/service/internal/accept-encoding v1.12.2/go.mod h1:Za3IHqTQ+yNcRHxu1OFucBh0ACZT4j4VQFF0BqpZcLY=
github.com/aws/aws-sdk-go-v2/service/internal/endpoint-discovery v1.10.12 h1:V1h3Cxmn0tN5EhL31uvqSLKsMlPlqiYxRwAEdwNeIJ8=
github.com/aws/aws-sdk-go-v2/service/internal/endpoint-discovery v1.10.12/go.mod h1:KzXJPn2wqsZJlNSx70gmDkRDVTmyF/RRXxTP2yMxUwc=
github.com/aws/aws-sdk-go-v2/service/internal/presigned-url v1.11.18 h1:tJ5RnkHCiSH0jyd6gROjlJtNwov0eGYNz8s8nFcR0jQ=
github.com/aws/aws-sdk-go-v2/service/internal/presigned-url v1.11.18/go.mod h1:++NHzT+nAF7ZPrHPsA+ENvsXkOO8wEu+C6RXltAG4/c=
github.com/aws/aws-sdk-go-v2/service/sso v1.22.5 h1:zCsFCKvbj25i7p1u94imVoO447I/sFv8qq+lGJhRN0c=
github.com/aws/aws-sdk-go-v2/service/sso v1.22.5/go.mod h1:ZeDX1SnKsVlejeuz41GiajjZpRSWR7/42q/EyA/QEiM=
github.com/aws/aws-sdk-go-v2/service/ssooidc v1.26.5 h1:SKvPgvdvmiTWoi0GAJ7AsJfOz3ngVkD/ERbs5pUnHNI=
github.com/aws/aws-sdk-go-v2/service/ssooidc v1.26.5/go.mod h1:20sz31hv/WsPa3HhU3hfrIet2kxM4Pe0r20eBZ20Tac=
github.com/aws/aws-sdk-go-v2/service/sts v1.30.5 h1:OMsEmCyz2i89XwRwPouAJvhj81wINh+4UK+k/0Yo/q8=
github.com/aws/aws-sdk-go-v2/service/sts v1.30.5/go.mod h1:vmSqFK+BVIwVpDAGZB3CoCXHzurt4qBE8lf+I/kRTh0=
github.com/aws/smithy-go v1.22.2 h1:6D9hW43xKFrRx/tXXfAlIZc4JI+yQe6snnWcQyxSyLQ=
github.com/aws/smithy-go v1.22.2/go.mod h1:irrKGvNn1InZwb2d7fkIRNucdfwR8R+Ts3wxYa/cJHg=
github.com/davecgh/go-spew v1.1.2-0.20180830191138-d8f796af33cc h1:U9qPSI2PIWSS1VwoXQT9A3Wy9MM3WgvqSxFWenqJduM=
github.com/davecgh/go-spew v1.1.2-0.20180830191138-d8f796af33cc/go.mod h1:J7Y8YcW2NihsgmVo/mv3lAwl/skON4iLHjSsI+c5H38=
github.com/google/uuid v1.6.0 h1:NIvaJDMOsjHA8n1jAhLSgzrAzy1Hgr+hNrb57e+94F0=
github.com/google/uuid v1.6.0/go.mod h1:TIyPZe4MgqvfeYDBFedMoGGpEw/LqOeaOT+nhxU+yHo=
github.com/pmezard/go-difflib v1.0.1-0.20181226105442-5d4384ee4fb2 h1:Jamvg5psRIccs7FGNTlIRMkT8wgtp5eCXdBlqhYGL6U=
github.com/pmezard/go-difflib v1.0.1-0.20181226105442-5d4384ee4fb2/go.mod h1:iKH77koFhYxTK1pcRnkKkqfTogsbg7gZNVY4sRDYZ/4=
github.com/stretchr/testify v1.9.0 h1:HtqpIVDClZ4nwg75+f6Lvsy/wHu+3BoSGCbBAcpTsTg=
github.com/stretchr/testify v1.9.0/go.mod h1:r2ic/lqez/lEtzL7wO/rwa5dbSLXVDPFyf8C91i36aY=
golang.org/x/crypto/x509roots/fallback v0.0.0-20240604170348-d4e7c9cb6cb8 h1:+kWDWI3Eb5cPIOr4cP+R2RLDwK3/dXppL+7XmSOh2LA=
golang.org/x/crypto/x509roots/fallback v0.0.0-20240604170348-d4e7c9cb6cb8/go.mod h1:kNa9WdvYnzFwC79zRpLRMJbdEFlhyM5RPFBBZp/wWH8=
gopkg.in/check.v1 v0.0.0-20161208181325-20d25e280405 h1:yhCVgyC4o1eVCa2tZl7eS0r+SDo693bJlVdllGtEeKM=
gopkg.in/check.v1 v0.0.0-20161208181325-20d25e280405/go.mod h1:Co6ibVJAznAaIkqp8huTwlJQCZ016jof/cbN4VW5Yz0=
gopkg.in/yaml.v3 v3.0.1 h1:fxVm/GzAzEWqLHuvctI91KS9hhNmmWOoWu0XTYJS7CA=
gopkg.in/yaml.v3 v3.0.1/go.mod h1:K4uyk7z7BCEPqu6E+C64Yfv1cQ7kz7rIZviUmN+EgEM=
